// !$*UTF8*$!
{
	archiveVersion = 1;
	classes = {
	};
	objectVersion = 46;
	objects = {

/* Begin PBXBuildFile section */
		EC7B36131C8DB2D200F196D0 /* main.m in Sources */ = {isa = PBXBuildFile; fileRef = EC7B36121C8DB2D200F196D0 /* main.m */; };
		EC7B36161C8DB2D200F196D0 /* AppDelegate.m in Sources */ = {isa = PBXBuildFile; fileRef = EC7B36151C8DB2D200F196D0 /* AppDelegate.m */; };
		EC7B36191C8DB2D200F196D0 /* ViewController.m in Sources */ = {isa = PBXBuildFile; fileRef = EC7B36181C8DB2D200F196D0 /* ViewController.m */; };
		EC7B361C1C8DB2D200F196D0 /* Main.storyboard in Resources */ = {isa = PBXBuildFile; fileRef = EC7B361A1C8DB2D200F196D0 /* Main.storyboard */; };
		EC7B361F1C8DB2D200F196D0 /* MyQcm.xcdatamodeld in Sources */ = {isa = PBXBuildFile; fileRef = EC7B361D1C8DB2D200F196D0 /* MyQcm.xcdatamodeld */; };
		EC7B36211C8DB2D200F196D0 /* Assets.xcassets in Resources */ = {isa = PBXBuildFile; fileRef = EC7B36201C8DB2D200F196D0 /* Assets.xcassets */; };
		EC7B36241C8DB2D200F196D0 /* LaunchScreen.storyboard in Resources */ = {isa = PBXBuildFile; fileRef = EC7B36221C8DB2D200F196D0 /* LaunchScreen.storyboard */; };
		EC7B362F1C8DB2D200F196D0 /* MyQcmTests.m in Sources */ = {isa = PBXBuildFile; fileRef = EC7B362E1C8DB2D200F196D0 /* MyQcmTests.m */; };
		EC7B36431C8DB7E200F196D0 /* Qcm.m in Sources */ = {isa = PBXBuildFile; fileRef = EC7B36421C8DB7E200F196D0 /* Qcm.m */; };
		EC7B36501C8DBC9700F196D0 /* CategoryQcm.m in Sources */ = {isa = PBXBuildFile; fileRef = EC7B364F1C8DBC9700F196D0 /* CategoryQcm.m */; };
		EC7B36531C8DBCCB00F196D0 /* Answer.m in Sources */ = {isa = PBXBuildFile; fileRef = EC7B36521C8DBCCB00F196D0 /* Answer.m */; };
		EC7B36561C8DBD8C00F196D0 /* Media.m in Sources */ = {isa = PBXBuildFile; fileRef = EC7B36551C8DBD8C00F196D0 /* Media.m */; };
		EC7B36591C8DBDFE00F196D0 /* TypeMedia.m in Sources */ = {isa = PBXBuildFile; fileRef = EC7B36581C8DBDFE00F196D0 /* TypeMedia.m */; };
		EC7B365C1C8DBE7800F196D0 /* User.m in Sources */ = {isa = PBXBuildFile; fileRef = EC7B365B1C8DBE7800F196D0 /* User.m */; };
		EC7B365F1C8DBF2E00F196D0 /* Group.m in Sources */ = {isa = PBXBuildFile; fileRef = EC7B365E1C8DBF2E00F196D0 /* Group.m */; };
		EC7B36621C8DBF9500F196D0 /* QcmUser.m in Sources */ = {isa = PBXBuildFile; fileRef = EC7B36611C8DBF9500F196D0 /* QcmUser.m */; };
		EC7B36681C8DC83500F196D0 /* QcmSQLiteAdapter.m in Sources */ = {isa = PBXBuildFile; fileRef = EC7B36671C8DC83500F196D0 /* QcmSQLiteAdapter.m */; };
		EC7B366B1C8DCC2C00F196D0 /* Question.m in Sources */ = {isa = PBXBuildFile; fileRef = EC7B366A1C8DCC2C00F196D0 /* Question.m */; };
		EC7B366E1C8DD3F100F196D0 /* CategorySQLiteAdapter.m in Sources */ = {isa = PBXBuildFile; fileRef = EC7B366D1C8DD3F100F196D0 /* CategorySQLiteAdapter.m */; };
		EC7B36741C8DD5D800F196D0 /* QuestionSQLiteAdapter.m in Sources */ = {isa = PBXBuildFile; fileRef = EC7B36731C8DD5D800F196D0 /* QuestionSQLiteAdapter.m */; };
		EC7B36771C8DD6D800F196D0 /* AnswerSQLiteAdapter.m in Sources */ = {isa = PBXBuildFile; fileRef = EC7B36761C8DD6D800F196D0 /* AnswerSQLiteAdapter.m */; };
		EC7B367A1C8DD99E00F196D0 /* MediaQSLiteAdapter.m in Sources */ = {isa = PBXBuildFile; fileRef = EC7B36791C8DD99E00F196D0 /* MediaQSLiteAdapter.m */; };
		EC7B367D1C8DDAA100F196D0 /* TypeMediaSQLiteAdapter.m in Sources */ = {isa = PBXBuildFile; fileRef = EC7B367C1C8DDAA100F196D0 /* TypeMediaSQLiteAdapter.m */; };
		EC7B36831C8DDB9F00F196D0 /* UserSQLiteAdapter.m in Sources */ = {isa = PBXBuildFile; fileRef = EC7B36821C8DDB9F00F196D0 /* UserSQLiteAdapter.m */; };
		EC7B36861C8DDC2300F196D0 /* GroupSQLiteAdapter.m in Sources */ = {isa = PBXBuildFile; fileRef = EC7B36851C8DDC2300F196D0 /* GroupSQLiteAdapter.m */; };
		EC7B36891C8DDD6E00F196D0 /* QcmUserSQLiteAdapter.m in Sources */ = {isa = PBXBuildFile; fileRef = EC7B36881C8DDD6E00F196D0 /* QcmUserSQLiteAdapter.m */; };
/* End PBXBuildFile section */

/* Begin PBXContainerItemProxy section */
		EC7B362B1C8DB2D200F196D0 /* PBXContainerItemProxy */ = {
			isa = PBXContainerItemProxy;
			containerPortal = EC7B36061C8DB2D100F196D0 /* Project object */;
			proxyType = 1;
			remoteGlobalIDString = EC7B360D1C8DB2D100F196D0;
			remoteInfo = MyQcm;
		};
/* End PBXContainerItemProxy section */

/* Begin PBXFileReference section */
		EC7B360E1C8DB2D100F196D0 /* MyQcm.app */ = {isa = PBXFileReference; explicitFileType = wrapper.application; includeInIndex = 0; path = MyQcm.app; sourceTree = BUILT_PRODUCTS_DIR; };
		EC7B36121C8DB2D200F196D0 /* main.m */ = {isa = PBXFileReference; lastKnownFileType = sourcecode.c.objc; path = main.m; sourceTree = "<group>"; };
		EC7B36141C8DB2D200F196D0 /* AppDelegate.h */ = {isa = PBXFileReference; lastKnownFileType = sourcecode.c.h; path = AppDelegate.h; sourceTree = "<group>"; };
		EC7B36151C8DB2D200F196D0 /* AppDelegate.m */ = {isa = PBXFileReference; lastKnownFileType = sourcecode.c.objc; path = AppDelegate.m; sourceTree = "<group>"; };
		EC7B36171C8DB2D200F196D0 /* ViewController.h */ = {isa = PBXFileReference; lastKnownFileType = sourcecode.c.h; path = ViewController.h; sourceTree = "<group>"; };
		EC7B36181C8DB2D200F196D0 /* ViewController.m */ = {isa = PBXFileReference; lastKnownFileType = sourcecode.c.objc; path = ViewController.m; sourceTree = "<group>"; };
		EC7B361B1C8DB2D200F196D0 /* Base */ = {isa = PBXFileReference; lastKnownFileType = file.storyboard; name = Base; path = Base.lproj/Main.storyboard; sourceTree = "<group>"; };
		EC7B361E1C8DB2D200F196D0 /* MyQcm.xcdatamodel */ = {isa = PBXFileReference; lastKnownFileType = wrapper.xcdatamodel; path = MyQcm.xcdatamodel; sourceTree = "<group>"; };
		EC7B36201C8DB2D200F196D0 /* Assets.xcassets */ = {isa = PBXFileReference; lastKnownFileType = folder.assetcatalog; path = Assets.xcassets; sourceTree = "<group>"; };
		EC7B36231C8DB2D200F196D0 /* Base */ = {isa = PBXFileReference; lastKnownFileType = file.storyboard; name = Base; path = Base.lproj/LaunchScreen.storyboard; sourceTree = "<group>"; };
		EC7B36251C8DB2D200F196D0 /* Info.plist */ = {isa = PBXFileReference; lastKnownFileType = text.plist.xml; path = Info.plist; sourceTree = "<group>"; };
		EC7B362A1C8DB2D200F196D0 /* MyQcmTests.xctest */ = {isa = PBXFileReference; explicitFileType = wrapper.cfbundle; includeInIndex = 0; path = MyQcmTests.xctest; sourceTree = BUILT_PRODUCTS_DIR; };
		EC7B362E1C8DB2D200F196D0 /* MyQcmTests.m */ = {isa = PBXFileReference; lastKnownFileType = sourcecode.c.objc; path = MyQcmTests.m; sourceTree = "<group>"; };
		EC7B36301C8DB2D200F196D0 /* Info.plist */ = {isa = PBXFileReference; lastKnownFileType = text.plist.xml; path = Info.plist; sourceTree = "<group>"; };
		EC7B36411C8DB7E200F196D0 /* Qcm.h */ = {isa = PBXFileReference; fileEncoding = 4; lastKnownFileType = sourcecode.c.h; name = Qcm.h; path = Entity/Qcm.h; sourceTree = "<group>"; };
		EC7B36421C8DB7E200F196D0 /* Qcm.m */ = {isa = PBXFileReference; fileEncoding = 4; lastKnownFileType = sourcecode.c.objc; name = Qcm.m; path = Entity/Qcm.m; sourceTree = "<group>"; };
		EC7B364E1C8DBC9700F196D0 /* CategoryQcm.h */ = {isa = PBXFileReference; fileEncoding = 4; lastKnownFileType = sourcecode.c.h; name = CategoryQcm.h; path = Entity/CategoryQcm.h; sourceTree = "<group>"; };
		EC7B364F1C8DBC9700F196D0 /* CategoryQcm.m */ = {isa = PBXFileReference; fileEncoding = 4; lastKnownFileType = sourcecode.c.objc; name = CategoryQcm.m; path = Entity/CategoryQcm.m; sourceTree = "<group>"; };
		EC7B36511C8DBCCB00F196D0 /* Answer.h */ = {isa = PBXFileReference; fileEncoding = 4; lastKnownFileType = sourcecode.c.h; name = Answer.h; path = Entity/Answer.h; sourceTree = "<group>"; };
		EC7B36521C8DBCCB00F196D0 /* Answer.m */ = {isa = PBXFileReference; fileEncoding = 4; lastKnownFileType = sourcecode.c.objc; name = Answer.m; path = Entity/Answer.m; sourceTree = "<group>"; };
		EC7B36541C8DBD8C00F196D0 /* Media.h */ = {isa = PBXFileReference; fileEncoding = 4; lastKnownFileType = sourcecode.c.h; name = Media.h; path = Entity/Media.h; sourceTree = "<group>"; };
		EC7B36551C8DBD8C00F196D0 /* Media.m */ = {isa = PBXFileReference; fileEncoding = 4; lastKnownFileType = sourcecode.c.objc; name = Media.m; path = Entity/Media.m; sourceTree = "<group>"; };
		EC7B36571C8DBDFE00F196D0 /* TypeMedia.h */ = {isa = PBXFileReference; fileEncoding = 4; lastKnownFileType = sourcecode.c.h; name = TypeMedia.h; path = Entity/TypeMedia.h; sourceTree = "<group>"; };
		EC7B36581C8DBDFE00F196D0 /* TypeMedia.m */ = {isa = PBXFileReference; fileEncoding = 4; lastKnownFileType = sourcecode.c.objc; name = TypeMedia.m; path = Entity/TypeMedia.m; sourceTree = "<group>"; };
		EC7B365A1C8DBE7800F196D0 /* User.h */ = {isa = PBXFileReference; fileEncoding = 4; lastKnownFileType = sourcecode.c.h; name = User.h; path = Entity/User.h; sourceTree = "<group>"; };
		EC7B365B1C8DBE7800F196D0 /* User.m */ = {isa = PBXFileReference; fileEncoding = 4; lastKnownFileType = sourcecode.c.objc; name = User.m; path = Entity/User.m; sourceTree = "<group>"; };
		EC7B365D1C8DBF2E00F196D0 /* Group.h */ = {isa = PBXFileReference; fileEncoding = 4; lastKnownFileType = sourcecode.c.h; name = Group.h; path = Entity/Group.h; sourceTree = "<group>"; };
		EC7B365E1C8DBF2E00F196D0 /* Group.m */ = {isa = PBXFileReference; fileEncoding = 4; lastKnownFileType = sourcecode.c.objc; name = Group.m; path = Entity/Group.m; sourceTree = "<group>"; };
		EC7B36601C8DBF9500F196D0 /* QcmUser.h */ = {isa = PBXFileReference; fileEncoding = 4; lastKnownFileType = sourcecode.c.h; name = QcmUser.h; path = Entity/QcmUser.h; sourceTree = "<group>"; };
		EC7B36611C8DBF9500F196D0 /* QcmUser.m */ = {isa = PBXFileReference; fileEncoding = 4; lastKnownFileType = sourcecode.c.objc; name = QcmUser.m; path = Entity/QcmUser.m; sourceTree = "<group>"; };
		EC7B36661C8DC83500F196D0 /* QcmSQLiteAdapter.h */ = {isa = PBXFileReference; fileEncoding = 4; lastKnownFileType = sourcecode.c.h; name = QcmSQLiteAdapter.h; path = Data/QcmSQLiteAdapter.h; sourceTree = "<group>"; };
		EC7B36671C8DC83500F196D0 /* QcmSQLiteAdapter.m */ = {isa = PBXFileReference; fileEncoding = 4; lastKnownFileType = sourcecode.c.objc; name = QcmSQLiteAdapter.m; path = Data/QcmSQLiteAdapter.m; sourceTree = "<group>"; };
		EC7B36691C8DCC2C00F196D0 /* Question.h */ = {isa = PBXFileReference; fileEncoding = 4; lastKnownFileType = sourcecode.c.h; name = Question.h; path = Entity/Question.h; sourceTree = "<group>"; };
		EC7B366A1C8DCC2C00F196D0 /* Question.m */ = {isa = PBXFileReference; fileEncoding = 4; lastKnownFileType = sourcecode.c.objc; name = Question.m; path = Entity/Question.m; sourceTree = "<group>"; };
		EC7B366C1C8DD3F100F196D0 /* CategorySQLiteAdapter.h */ = {isa = PBXFileReference; fileEncoding = 4; lastKnownFileType = sourcecode.c.h; name = CategorySQLiteAdapter.h; path = Data/CategorySQLiteAdapter.h; sourceTree = "<group>"; };
		EC7B366D1C8DD3F100F196D0 /* CategorySQLiteAdapter.m */ = {isa = PBXFileReference; fileEncoding = 4; lastKnownFileType = sourcecode.c.objc; name = CategorySQLiteAdapter.m; path = Data/CategorySQLiteAdapter.m; sourceTree = "<group>"; };
		EC7B36721C8DD5D800F196D0 /* QuestionSQLiteAdapter.h */ = {isa = PBXFileReference; fileEncoding = 4; lastKnownFileType = sourcecode.c.h; name = QuestionSQLiteAdapter.h; path = Data/QuestionSQLiteAdapter.h; sourceTree = "<group>"; };
		EC7B36731C8DD5D800F196D0 /* QuestionSQLiteAdapter.m */ = {isa = PBXFileReference; fileEncoding = 4; lastKnownFileType = sourcecode.c.objc; name = QuestionSQLiteAdapter.m; path = Data/QuestionSQLiteAdapter.m; sourceTree = "<group>"; };
		EC7B36751C8DD6D800F196D0 /* AnswerSQLiteAdapter.h */ = {isa = PBXFileReference; fileEncoding = 4; lastKnownFileType = sourcecode.c.h; name = AnswerSQLiteAdapter.h; path = Data/AnswerSQLiteAdapter.h; sourceTree = "<group>"; };
		EC7B36761C8DD6D800F196D0 /* AnswerSQLiteAdapter.m */ = {isa = PBXFileReference; fileEncoding = 4; lastKnownFileType = sourcecode.c.objc; name = AnswerSQLiteAdapter.m; path = Data/AnswerSQLiteAdapter.m; sourceTree = "<group>"; };
		EC7B36781C8DD99E00F196D0 /* MediaQSLiteAdapter.h */ = {isa = PBXFileReference; fileEncoding = 4; lastKnownFileType = sourcecode.c.h; name = MediaQSLiteAdapter.h; path = Data/MediaQSLiteAdapter.h; sourceTree = "<group>"; };
		EC7B36791C8DD99E00F196D0 /* MediaQSLiteAdapter.m */ = {isa = PBXFileReference; fileEncoding = 4; lastKnownFileType = sourcecode.c.objc; name = MediaQSLiteAdapter.m; path = Data/MediaQSLiteAdapter.m; sourceTree = "<group>"; };
		EC7B367B1C8DDAA100F196D0 /* TypeMediaSQLiteAdapter.h */ = {isa = PBXFileReference; fileEncoding = 4; lastKnownFileType = sourcecode.c.h; name = TypeMediaSQLiteAdapter.h; path = Data/TypeMediaSQLiteAdapter.h; sourceTree = "<group>"; };
		EC7B367C1C8DDAA100F196D0 /* TypeMediaSQLiteAdapter.m */ = {isa = PBXFileReference; fileEncoding = 4; lastKnownFileType = sourcecode.c.objc; name = TypeMediaSQLiteAdapter.m; path = Data/TypeMediaSQLiteAdapter.m; sourceTree = "<group>"; };
		EC7B36811C8DDB9F00F196D0 /* UserSQLiteAdapter.h */ = {isa = PBXFileReference; fileEncoding = 4; lastKnownFileType = sourcecode.c.h; name = UserSQLiteAdapter.h; path = Data/UserSQLiteAdapter.h; sourceTree = "<group>"; };
		EC7B36821C8DDB9F00F196D0 /* UserSQLiteAdapter.m */ = {isa = PBXFileReference; fileEncoding = 4; lastKnownFileType = sourcecode.c.objc; name = UserSQLiteAdapter.m; path = Data/UserSQLiteAdapter.m; sourceTree = "<group>"; };
		EC7B36841C8DDC2300F196D0 /* GroupSQLiteAdapter.h */ = {isa = PBXFileReference; fileEncoding = 4; lastKnownFileType = sourcecode.c.h; name = GroupSQLiteAdapter.h; path = Data/GroupSQLiteAdapter.h; sourceTree = "<group>"; };
		EC7B36851C8DDC2300F196D0 /* GroupSQLiteAdapter.m */ = {isa = PBXFileReference; fileEncoding = 4; lastKnownFileType = sourcecode.c.objc; name = GroupSQLiteAdapter.m; path = Data/GroupSQLiteAdapter.m; sourceTree = "<group>"; };
		EC7B36871C8DDD6E00F196D0 /* QcmUserSQLiteAdapter.h */ = {isa = PBXFileReference; fileEncoding = 4; lastKnownFileType = sourcecode.c.h; name = QcmUserSQLiteAdapter.h; path = Data/QcmUserSQLiteAdapter.h; sourceTree = "<group>"; };
		EC7B36881C8DDD6E00F196D0 /* QcmUserSQLiteAdapter.m */ = {isa = PBXFileReference; fileEncoding = 4; lastKnownFileType = sourcecode.c.objc; name = QcmUserSQLiteAdapter.m; path = Data/QcmUserSQLiteAdapter.m; sourceTree = "<group>"; };
/* End PBXFileReference section */

/* Begin PBXFrameworksBuildPhase section */
		EC7B360B1C8DB2D100F196D0 /* Frameworks */ = {
			isa = PBXFrameworksBuildPhase;
			buildActionMask = 2147483647;
			files = (
			);
			runOnlyForDeploymentPostprocessing = 0;
		};
		EC7B36271C8DB2D200F196D0 /* Frameworks */ = {
			isa = PBXFrameworksBuildPhase;
			buildActionMask = 2147483647;
			files = (
			);
			runOnlyForDeploymentPostprocessing = 0;
		};
/* End PBXFrameworksBuildPhase section */

/* Begin PBXGroup section */
		EC7B36051C8DB2D100F196D0 = {
			isa = PBXGroup;
			children = (
				EC7B36101C8DB2D100F196D0 /* MyQcm */,
				EC7B362D1C8DB2D200F196D0 /* MyQcmTests */,
				EC7B360F1C8DB2D100F196D0 /* Products */,
			);
			sourceTree = "<group>";
		};
		EC7B360F1C8DB2D100F196D0 /* Products */ = {
			isa = PBXGroup;
			children = (
				EC7B360E1C8DB2D100F196D0 /* MyQcm.app */,
				EC7B362A1C8DB2D200F196D0 /* MyQcmTests.xctest */,
			);
			name = Products;
			sourceTree = "<group>";
		};
		EC7B36101C8DB2D100F196D0 /* MyQcm */ = {
			isa = PBXGroup;
			children = (
				EC7B363D1C8DB5E900F196D0 /* View */,
				EC7B363C1C8DB5DE00F196D0 /* Entity */,
				EC7B363B1C8DB5D200F196D0 /* Data */,
				EC7B36141C8DB2D200F196D0 /* AppDelegate.h */,
				EC7B36151C8DB2D200F196D0 /* AppDelegate.m */,
				EC7B36171C8DB2D200F196D0 /* ViewController.h */,
				EC7B36181C8DB2D200F196D0 /* ViewController.m */,
				EC7B361A1C8DB2D200F196D0 /* Main.storyboard */,
				EC7B36201C8DB2D200F196D0 /* Assets.xcassets */,
				EC7B36221C8DB2D200F196D0 /* LaunchScreen.storyboard */,
				EC7B36251C8DB2D200F196D0 /* Info.plist */,
				EC7B361D1C8DB2D200F196D0 /* MyQcm.xcdatamodeld */,
				EC7B36111C8DB2D100F196D0 /* Supporting Files */,
			);
			path = MyQcm;
			sourceTree = "<group>";
		};
		EC7B36111C8DB2D100F196D0 /* Supporting Files */ = {
			isa = PBXGroup;
			children = (
				EC7B36121C8DB2D200F196D0 /* main.m */,
			);
			name = "Supporting Files";
			sourceTree = "<group>";
		};
		EC7B362D1C8DB2D200F196D0 /* MyQcmTests */ = {
			isa = PBXGroup;
			children = (
				EC7B362E1C8DB2D200F196D0 /* MyQcmTests.m */,
				EC7B36301C8DB2D200F196D0 /* Info.plist */,
			);
			path = MyQcmTests;
			sourceTree = "<group>";
		};
		EC7B363B1C8DB5D200F196D0 /* Data */ = {
			isa = PBXGroup;
			children = (
				EC7B36661C8DC83500F196D0 /* QcmSQLiteAdapter.h */,
				EC7B36671C8DC83500F196D0 /* QcmSQLiteAdapter.m */,
				EC7B366C1C8DD3F100F196D0 /* CategorySQLiteAdapter.h */,
				EC7B366D1C8DD3F100F196D0 /* CategorySQLiteAdapter.m */,
				EC7B36721C8DD5D800F196D0 /* QuestionSQLiteAdapter.h */,
				EC7B36731C8DD5D800F196D0 /* QuestionSQLiteAdapter.m */,
				EC7B36751C8DD6D800F196D0 /* AnswerSQLiteAdapter.h */,
				EC7B36761C8DD6D800F196D0 /* AnswerSQLiteAdapter.m */,
				EC7B36781C8DD99E00F196D0 /* MediaQSLiteAdapter.h */,
				EC7B36791C8DD99E00F196D0 /* MediaQSLiteAdapter.m */,
				EC7B367B1C8DDAA100F196D0 /* TypeMediaSQLiteAdapter.h */,
				EC7B367C1C8DDAA100F196D0 /* TypeMediaSQLiteAdapter.m */,
				EC7B36811C8DDB9F00F196D0 /* UserSQLiteAdapter.h */,
				EC7B36821C8DDB9F00F196D0 /* UserSQLiteAdapter.m */,
				EC7B36841C8DDC2300F196D0 /* GroupSQLiteAdapter.h */,
				EC7B36851C8DDC2300F196D0 /* GroupSQLiteAdapter.m */,
				EC7B36871C8DDD6E00F196D0 /* QcmUserSQLiteAdapter.h */,
				EC7B36881C8DDD6E00F196D0 /* QcmUserSQLiteAdapter.m */,
			);
			name = Data;
			sourceTree = "<group>";
		};
		EC7B363C1C8DB5DE00F196D0 /* Entity */ = {
			isa = PBXGroup;
			children = (
				EC7B36411C8DB7E200F196D0 /* Qcm.h */,
				EC7B36421C8DB7E200F196D0 /* Qcm.m */,
				EC7B364E1C8DBC9700F196D0 /* CategoryQcm.h */,
				EC7B364F1C8DBC9700F196D0 /* CategoryQcm.m */,
				EC7B36511C8DBCCB00F196D0 /* Answer.h */,
				EC7B36521C8DBCCB00F196D0 /* Answer.m */,
				EC7B36541C8DBD8C00F196D0 /* Media.h */,
				EC7B36551C8DBD8C00F196D0 /* Media.m */,
				EC7B36571C8DBDFE00F196D0 /* TypeMedia.h */,
				EC7B36581C8DBDFE00F196D0 /* TypeMedia.m */,
				EC7B365A1C8DBE7800F196D0 /* User.h */,
				EC7B365B1C8DBE7800F196D0 /* User.m */,
				EC7B365D1C8DBF2E00F196D0 /* Group.h */,
				EC7B365E1C8DBF2E00F196D0 /* Group.m */,
				EC7B36601C8DBF9500F196D0 /* QcmUser.h */,
				EC7B36611C8DBF9500F196D0 /* QcmUser.m */,
				EC7B36691C8DCC2C00F196D0 /* Question.h */,
				EC7B366A1C8DCC2C00F196D0 /* Question.m */,
			);
			name = Entity;
			sourceTree = "<group>";
		};
		EC7B363D1C8DB5E900F196D0 /* View */ = {
			isa = PBXGroup;
			children = (
			);
			name = View;
			sourceTree = "<group>";
		};
/* End PBXGroup section */

/* Begin PBXNativeTarget section */
		EC7B360D1C8DB2D100F196D0 /* MyQcm */ = {
			isa = PBXNativeTarget;
			buildConfigurationList = EC7B36331C8DB2D200F196D0 /* Build configuration list for PBXNativeTarget "MyQcm" */;
			buildPhases = (
				EC7B360A1C8DB2D100F196D0 /* Sources */,
				EC7B360B1C8DB2D100F196D0 /* Frameworks */,
				EC7B360C1C8DB2D100F196D0 /* Resources */,
			);
			buildRules = (
			);
			dependencies = (
			);
			name = MyQcm;
			productName = MyQcm;
			productReference = EC7B360E1C8DB2D100F196D0 /* MyQcm.app */;
			productType = "com.apple.product-type.application";
		};
		EC7B36291C8DB2D200F196D0 /* MyQcmTests */ = {
			isa = PBXNativeTarget;
			buildConfigurationList = EC7B36361C8DB2D200F196D0 /* Build configuration list for PBXNativeTarget "MyQcmTests" */;
			buildPhases = (
				EC7B36261C8DB2D200F196D0 /* Sources */,
				EC7B36271C8DB2D200F196D0 /* Frameworks */,
				EC7B36281C8DB2D200F196D0 /* Resources */,
			);
			buildRules = (
			);
			dependencies = (
				EC7B362C1C8DB2D200F196D0 /* PBXTargetDependency */,
			);
			name = MyQcmTests;
			productName = MyQcmTests;
			productReference = EC7B362A1C8DB2D200F196D0 /* MyQcmTests.xctest */;
			productType = "com.apple.product-type.bundle.unit-test";
		};
/* End PBXNativeTarget section */

/* Begin PBXProject section */
		EC7B36061C8DB2D100F196D0 /* Project object */ = {
			isa = PBXProject;
			attributes = {
				LastUpgradeCheck = 0720;
				ORGANIZATIONNAME = iia;
				TargetAttributes = {
					EC7B360D1C8DB2D100F196D0 = {
						CreatedOnToolsVersion = 7.2.1;
					};
					EC7B36291C8DB2D200F196D0 = {
						CreatedOnToolsVersion = 7.2.1;
						TestTargetID = EC7B360D1C8DB2D100F196D0;
					};
				};
			};
			buildConfigurationList = EC7B36091C8DB2D100F196D0 /* Build configuration list for PBXProject "MyQcm" */;
			compatibilityVersion = "Xcode 3.2";
			developmentRegion = English;
			hasScannedForEncodings = 0;
			knownRegions = (
				en,
				Base,
			);
			mainGroup = EC7B36051C8DB2D100F196D0;
			productRefGroup = EC7B360F1C8DB2D100F196D0 /* Products */;
			projectDirPath = "";
			projectRoot = "";
			targets = (
				EC7B360D1C8DB2D100F196D0 /* MyQcm */,
				EC7B36291C8DB2D200F196D0 /* MyQcmTests */,
			);
		};
/* End PBXProject section */

/* Begin PBXResourcesBuildPhase section */
		EC7B360C1C8DB2D100F196D0 /* Resources */ = {
			isa = PBXResourcesBuildPhase;
			buildActionMask = 2147483647;
			files = (
				EC7B36241C8DB2D200F196D0 /* LaunchScreen.storyboard in Resources */,
				EC7B36211C8DB2D200F196D0 /* Assets.xcassets in Resources */,
				EC7B361C1C8DB2D200F196D0 /* Main.storyboard in Resources */,
			);
			runOnlyForDeploymentPostprocessing = 0;
		};
		EC7B36281C8DB2D200F196D0 /* Resources */ = {
			isa = PBXResourcesBuildPhase;
			buildActionMask = 2147483647;
			files = (
			);
			runOnlyForDeploymentPostprocessing = 0;
		};
/* End PBXResourcesBuildPhase section */

/* Begin PBXSourcesBuildPhase section */
		EC7B360A1C8DB2D100F196D0 /* Sources */ = {
			isa = PBXSourcesBuildPhase;
			buildActionMask = 2147483647;
			files = (
				EC7B36431C8DB7E200F196D0 /* Qcm.m in Sources */,
				EC7B36191C8DB2D200F196D0 /* ViewController.m in Sources */,
				EC7B361F1C8DB2D200F196D0 /* MyQcm.xcdatamodeld in Sources */,
				EC7B36771C8DD6D800F196D0 /* AnswerSQLiteAdapter.m in Sources */,
				EC7B36891C8DDD6E00F196D0 /* QcmUserSQLiteAdapter.m in Sources */,
				EC7B36831C8DDB9F00F196D0 /* UserSQLiteAdapter.m in Sources */,
				EC7B36681C8DC83500F196D0 /* QcmSQLiteAdapter.m in Sources */,
				EC7B367D1C8DDAA100F196D0 /* TypeMediaSQLiteAdapter.m in Sources */,
				EC7B365F1C8DBF2E00F196D0 /* Group.m in Sources */,
				EC7B36531C8DBCCB00F196D0 /* Answer.m in Sources */,
				EC7B36591C8DBDFE00F196D0 /* TypeMedia.m in Sources */,
				EC7B365C1C8DBE7800F196D0 /* User.m in Sources */,
				EC7B36621C8DBF9500F196D0 /* QcmUser.m in Sources */,
				EC7B36161C8DB2D200F196D0 /* AppDelegate.m in Sources */,
				EC7B36561C8DBD8C00F196D0 /* Media.m in Sources */,
				EC7B366E1C8DD3F100F196D0 /* CategorySQLiteAdapter.m in Sources */,
				EC7B366B1C8DCC2C00F196D0 /* Question.m in Sources */,
				EC7B367A1C8DD99E00F196D0 /* MediaQSLiteAdapter.m in Sources */,
				EC7B36741C8DD5D800F196D0 /* QuestionSQLiteAdapter.m in Sources */,
				EC7B36131C8DB2D200F196D0 /* main.m in Sources */,
				EC7B36501C8DBC9700F196D0 /* CategoryQcm.m in Sources */,
				EC7B36861C8DDC2300F196D0 /* GroupSQLiteAdapter.m in Sources */,
			);
			runOnlyForDeploymentPostprocessing = 0;
		};
		EC7B36261C8DB2D200F196D0 /* Sources */ = {
			isa = PBXSourcesBuildPhase;
			buildActionMask = 2147483647;
			files = (
				EC7B362F1C8DB2D200F196D0 /* MyQcmTests.m in Sources */,
			);
			runOnlyForDeploymentPostprocessing = 0;
		};
/* End PBXSourcesBuildPhase section */

/* Begin PBXTargetDependency section */
		EC7B362C1C8DB2D200F196D0 /* PBXTargetDependency */ = {
			isa = PBXTargetDependency;
			target = EC7B360D1C8DB2D100F196D0 /* MyQcm */;
			targetProxy = EC7B362B1C8DB2D200F196D0 /* PBXContainerItemProxy */;
		};
/* End PBXTargetDependency section */

/* Begin PBXVariantGroup section */
		EC7B361A1C8DB2D200F196D0 /* Main.storyboard */ = {
			isa = PBXVariantGroup;
			children = (
				EC7B361B1C8DB2D200F196D0 /* Base */,
			);
			name = Main.storyboard;
			sourceTree = "<group>";
		};
		EC7B36221C8DB2D200F196D0 /* LaunchScreen.storyboard */ = {
			isa = PBXVariantGroup;
			children = (
				EC7B36231C8DB2D200F196D0 /* Base */,
			);
			name = LaunchScreen.storyboard;
			sourceTree = "<group>";
		};
/* End PBXVariantGroup section */

/* Begin XCBuildConfiguration section */
		EC7B36311C8DB2D200F196D0 /* Debug */ = {
			isa = XCBuildConfiguration;
			buildSettings = {
				ALWAYS_SEARCH_USER_PATHS = NO;
				CLANG_CXX_LANGUAGE_STANDARD = "gnu++0x";
				CLANG_CXX_LIBRARY = "libc++";
				CLANG_ENABLE_MODULES = YES;
				CLANG_ENABLE_OBJC_ARC = YES;
				CLANG_WARN_BOOL_CONVERSION = YES;
				CLANG_WARN_CONSTANT_CONVERSION = YES;
				CLANG_WARN_DIRECT_OBJC_ISA_USAGE = YES_ERROR;
				CLANG_WARN_EMPTY_BODY = YES;
				CLANG_WARN_ENUM_CONVERSION = YES;
				CLANG_WARN_INT_CONVERSION = YES;
				CLANG_WARN_OBJC_ROOT_CLASS = YES_ERROR;
				CLANG_WARN_UNREACHABLE_CODE = YES;
				CLANG_WARN__DUPLICATE_METHOD_MATCH = YES;
				"CODE_SIGN_IDENTITY[sdk=iphoneos*]" = "iPhone Developer";
				COPY_PHASE_STRIP = NO;
				DEBUG_INFORMATION_FORMAT = dwarf;
				ENABLE_STRICT_OBJC_MSGSEND = YES;
				ENABLE_TESTABILITY = YES;
				GCC_C_LANGUAGE_STANDARD = gnu99;
				GCC_DYNAMIC_NO_PIC = NO;
				GCC_NO_COMMON_BLOCKS = YES;
				GCC_OPTIMIZATION_LEVEL = 0;
				GCC_PREPROCESSOR_DEFINITIONS = (
					"DEBUG=1",
					"$(inherited)",
				);
				GCC_WARN_64_TO_32_BIT_CONVERSION = YES;
				GCC_WARN_ABOUT_RETURN_TYPE = YES_ERROR;
				GCC_WARN_UNDECLARED_SELECTOR = YES;
				GCC_WARN_UNINITIALIZED_AUTOS = YES_AGGRESSIVE;
				GCC_WARN_UNUSED_FUNCTION = YES;
				GCC_WARN_UNUSED_VARIABLE = YES;
				IPHONEOS_DEPLOYMENT_TARGET = 9.2;
				MTL_ENABLE_DEBUG_INFO = YES;
				ONLY_ACTIVE_ARCH = YES;
				SDKROOT = iphoneos;
			};
			name = Debug;
		};
		EC7B36321C8DB2D200F196D0 /* Release */ = {
			isa = XCBuildConfiguration;
			buildSettings = {
				ALWAYS_SEARCH_USER_PATHS = NO;
				CLANG_CXX_LANGUAGE_STANDARD = "gnu++0x";
				CLANG_CXX_LIBRARY = "libc++";
				CLANG_ENABLE_MODULES = YES;
				CLANG_ENABLE_OBJC_ARC = YES;
				CLANG_WARN_BOOL_CONVERSION = YES;
				CLANG_WARN_CONSTANT_CONVERSION = YES;
				CLANG_WARN_DIRECT_OBJC_ISA_USAGE = YES_ERROR;
				CLANG_WARN_EMPTY_BODY = YES;
				CLANG_WARN_ENUM_CONVERSION = YES;
				CLANG_WARN_INT_CONVERSION = YES;
				CLANG_WARN_OBJC_ROOT_CLASS = YES_ERROR;
				CLANG_WARN_UNREACHABLE_CODE = YES;
				CLANG_WARN__DUPLICATE_METHOD_MATCH = YES;
				"CODE_SIGN_IDENTITY[sdk=iphoneos*]" = "iPhone Developer";
				COPY_PHASE_STRIP = NO;
				DEBUG_INFORMATION_FORMAT = "dwarf-with-dsym";
				ENABLE_NS_ASSERTIONS = NO;
				ENABLE_STRICT_OBJC_MSGSEND = YES;
				GCC_C_LANGUAGE_STANDARD = gnu99;
				GCC_NO_COMMON_BLOCKS = YES;
				GCC_WARN_64_TO_32_BIT_CONVERSION = YES;
				GCC_WARN_ABOUT_RETURN_TYPE = YES_ERROR;
				GCC_WARN_UNDECLARED_SELECTOR = YES;
				GCC_WARN_UNINITIALIZED_AUTOS = YES_AGGRESSIVE;
				GCC_WARN_UNUSED_FUNCTION = YES;
				GCC_WARN_UNUSED_VARIABLE = YES;
				IPHONEOS_DEPLOYMENT_TARGET = 9.2;
				MTL_ENABLE_DEBUG_INFO = NO;
				SDKROOT = iphoneos;
				VALIDATE_PRODUCT = YES;
			};
			name = Release;
		};
		EC7B36341C8DB2D200F196D0 /* Debug */ = {
			isa = XCBuildConfiguration;
			buildSettings = {
				ASSETCATALOG_COMPILER_APPICON_NAME = AppIcon;
				INFOPLIST_FILE = MyQcm/Info.plist;
				LD_RUNPATH_SEARCH_PATHS = "$(inherited) @executable_path/Frameworks";
				PRODUCT_BUNDLE_IDENTIFIER = com.iia.MyQcm;
				PRODUCT_NAME = "$(TARGET_NAME)";
			};
			name = Debug;
		};
		EC7B36351C8DB2D200F196D0 /* Release */ = {
			isa = XCBuildConfiguration;
			buildSettings = {
				ASSETCATALOG_COMPILER_APPICON_NAME = AppIcon;
				INFOPLIST_FILE = MyQcm/Info.plist;
				LD_RUNPATH_SEARCH_PATHS = "$(inherited) @executable_path/Frameworks";
				PRODUCT_BUNDLE_IDENTIFIER = com.iia.MyQcm;
				PRODUCT_NAME = "$(TARGET_NAME)";
			};
			name = Release;
		};
		EC7B36371C8DB2D200F196D0 /* Debug */ = {
			isa = XCBuildConfiguration;
			buildSettings = {
				BUNDLE_LOADER = "$(TEST_HOST)";
				INFOPLIST_FILE = MyQcmTests/Info.plist;
				LD_RUNPATH_SEARCH_PATHS = "$(inherited) @executable_path/Frameworks @loader_path/Frameworks";
				PRODUCT_BUNDLE_IDENTIFIER = com.iia.MyQcmTests;
				PRODUCT_NAME = "$(TARGET_NAME)";
				TEST_HOST = "$(BUILT_PRODUCTS_DIR)/MyQcm.app/MyQcm";
			};
			name = Debug;
		};
		EC7B36381C8DB2D200F196D0 /* Release */ = {
			isa = XCBuildConfiguration;
			buildSettings = {
				BUNDLE_LOADER = "$(TEST_HOST)";
				INFOPLIST_FILE = MyQcmTests/Info.plist;
				LD_RUNPATH_SEARCH_PATHS = "$(inherited) @executable_path/Frameworks @loader_path/Frameworks";
				PRODUCT_BUNDLE_IDENTIFIER = com.iia.MyQcmTests;
				PRODUCT_NAME = "$(TARGET_NAME)";
				TEST_HOST = "$(BUILT_PRODUCTS_DIR)/MyQcm.app/MyQcm";
			};
			name = Release;
		};
/* End XCBuildConfiguration section */

/* Begin XCConfigurationList section */
		EC7B36091C8DB2D100F196D0 /* Build configuration list for PBXProject "MyQcm" */ = {
			isa = XCConfigurationList;
			buildConfigurations = (
				EC7B36311C8DB2D200F196D0 /* Debug */,
				EC7B36321C8DB2D200F196D0 /* Release */,
			);
			defaultConfigurationIsVisible = 0;
			defaultConfigurationName = Release;
		};
		EC7B36331C8DB2D200F196D0 /* Build configuration list for PBXNativeTarget "MyQcm" */ = {
			isa = XCConfigurationList;
			buildConfigurations = (
				EC7B36341C8DB2D200F196D0 /* Debug */,
				EC7B36351C8DB2D200F196D0 /* Release */,
			);
			defaultConfigurationIsVisible = 0;
		};
		EC7B36361C8DB2D200F196D0 /* Build configuration list for PBXNativeTarget "MyQcmTests" */ = {
			isa = XCConfigurationList;
			buildConfigurations = (
				EC7B36371C8DB2D200F196D0 /* Debug */,
				EC7B36381C8DB2D200F196D0 /* Release */,
			);
			defaultConfigurationIsVisible = 0;
		};
/* End XCConfigurationList section */

/* Begin XCVersionGroup section */
		EC7B361D1C8DB2D200F196D0 /* MyQcm.xcdatamodeld */ = {
			isa = XCVersionGroup;
			children = (
				EC7B361E1C8DB2D200F196D0 /* MyQcm.xcdatamodel */,
			);
			currentVersion = EC7B361E1C8DB2D200F196D0 /* MyQcm.xcdatamodel */;
			path = MyQcm.xcdatamodeld;
			sourceTree = "<group>";
			versionGroupType = wrapper.xcdatamodel;
		};
/* End XCVersionGroup section */
	};
	rootObject = EC7B36061C8DB2D100F196D0 /* Project object */;
}
